{
    "requires": true,
    "lockfileVersion": 1,
    "dependencies": {
        "nativescript-camera": {
            "version": "4.0.2",
            "resolved": "https://registry.npmjs.org/nativescript-camera/-/nativescript-camera-4.0.2.tgz",
            "integrity": "sha512-ZRRAQHvP2rzQTMXtBg1O3utTUaKvwcC0zcgU64zYvcHP4dkZ8f5x/KulDPrZ5ITsMDH4BJTak3uYU7jnvKk3vA==",
            "requires": {
                "nativescript-permissions": "^1.2.3"
            }
        },
        "nativescript-facebook": {
            "version": "2.2.3",
            "resolved": "https://registry.npmjs.org/nativescript-facebook/-/nativescript-facebook-2.2.3.tgz",
            "integrity": "sha512-qsfl58NjUlKOG1pOXJEyic6WDueCH+Fj/x6ESsx0IP1OrVRO+OVgxu4WcYQBRklD2pBlzqzZedr9bpMy/UT34Q=="
        },
        "nativescript-geolocation": {
            "version": "4.3.0",
            "resolved": "https://registry.npmjs.org/nativescript-geolocation/-/nativescript-geolocation-4.3.0.tgz",
            "integrity": "sha512-dzsJx+zdPytZX0eet9nqL54WvflpSkC9vDnSFDt85DqmgOImfn0RQEL1UasrczB3hjB8VsYjGMBR3hTxypmdLQ==",
            "requires": {
                "nativescript-permissions": "~1.2.3"
            }
        },
        "nativescript-google-maps-sdk": {
            "version": "2.6.1",
            "resolved": "https://registry.npmjs.org/nativescript-google-maps-sdk/-/nativescript-google-maps-sdk-2.6.1.tgz",
            "integrity": "sha512-CGzf/WYukGcGyDY6fqw6NEX4VovbpGC/4fRxWfTQ/F82uCrztW3xxpwt9xJgw5jO70QAGRtlEjIg7U2xXlqIYA=="
        },
        "nativescript-permissions": {
            "version": "1.2.3",
            "resolved": "https://registry.npmjs.org/nativescript-permissions/-/nativescript-permissions-1.2.3.tgz",
            "integrity": "sha1-4+ZVRfmP5IjdVXj3/5DrrjCI5wA="
        },
        "nativescript-theme-core": {
            "version": "1.0.4",
            "resolved": "https://registry.npmjs.org/nativescript-theme-core/-/nativescript-theme-core-1.0.4.tgz",
            "integrity": "sha1-zyiAx/vy/l9D4iNdMJdQeQgD7+E="
        },
        "tns-core-modules": {
            "version": "4.2.0",
            "resolved": "https://registry.npmjs.org/tns-core-modules/-/tns-core-modules-4.2.0.tgz",
            "integrity": "sha512-tEbQfeXVp6i9RJAmC+erd63mr6NYw5nX/gzYDVb1Va52/Jdj9ZeGbXKAPyjVXZ3BGI6O9QM1jQUem/Ow6v5FqQ==",
            "requires": {
                "tns-core-modules-widgets": "4.2.0"
            }
        },
        "tns-core-modules-widgets": {
            "version": "4.2.0",
            "resolved": "https://registry.npmjs.org/tns-core-modules-widgets/-/tns-core-modules-widgets-4.2.0.tgz",
            "integrity": "sha512-0YlfWN1Wy2qFlnzwrwit910whA9TC9en1PxS/5Yx63lL9uXHyOB53C8POnKfM82YUFVPxifcpuYtCC7+DBXbag=="
        }
    }
}
